// !$*UTF8*$!
{
	archiveVersion = 1;
	classes = {
	};
	objectVersion = 46;
	objects = {

/* Begin PBXBuildFile section */
		D220D87B1BA66C4E00BE119D /* main.m in Sources */ = {isa = PBXBuildFile; fileRef = D220D87A1BA66C4E00BE119D /* main.m */; };
		D220D87E1BA66C4E00BE119D /* AppDelegate.m in Sources */ = {isa = PBXBuildFile; fileRef = D220D87D1BA66C4E00BE119D /* AppDelegate.m */; };
		D220D8811BA66C4E00BE119D /* ViewController.m in Sources */ = {isa = PBXBuildFile; fileRef = D220D8801BA66C4E00BE119D /* ViewController.m */; };
		D220D8841BA66C4E00BE119D /* Main.storyboard in Resources */ = {isa = PBXBuildFile; fileRef = D220D8821BA66C4E00BE119D /* Main.storyboard */; };
		D220D8861BA66C4E00BE119D /* Images.xcassets in Resources */ = {isa = PBXBuildFile; fileRef = D220D8851BA66C4E00BE119D /* Images.xcassets */; };
		D220D8891BA66C4E00BE119D /* LaunchScreen.xib in Resources */ = {isa = PBXBuildFile; fileRef = D220D8871BA66C4E00BE119D /* LaunchScreen.xib */; };
		D220D8951BA66C4E00BE119D /* MYHMHMTestTests.m in Sources */ = {isa = PBXBuildFile; fileRef = D220D8941BA66C4E00BE119D /* MYHMHMTestTests.m */; };
/* End PBXBuildFile section */

/* Begin PBXContainerItemProxy section */
		D220D88F1BA66C4E00BE119D /* PBXContainerItemProxy */ = {
			isa = PBXContainerItemProxy;
			containerPortal = D220D86D1BA66C4E00BE119D /* Project object */;
			proxyType = 1;
			remoteGlobalIDString = D220D8741BA66C4E00BE119D;
			remoteInfo = MYHMHMTest;
		};
/* End PBXContainerItemProxy section */

/* Begin PBXFileReference section */
		D220D8751BA66C4E00BE119D /* MYHMHMTest.app */ = {isa = PBXFileReference; explicitFileType = wrapper.application; includeInIndex = 0; path = MYHMHMTest.app; sourceTree = BUILT_PRODUCTS_DIR; };
		D220D8791BA66C4E00BE119D /* Info.plist */ = {isa = PBXFileReference; lastKnownFileType = text.plist.xml; path = Info.plist; sourceTree = "<group>"; };
		D220D87A1BA66C4E00BE119D /* main.m */ = {isa = PBXFileReference; lastKnownFileType = sourcecode.c.objc; path = main.m; sourceTree = "<group>"; };
		D220D87C1BA66C4E00BE119D /* AppDelegate.h */ = {isa = PBXFileReference; lastKnownFileType = sourcecode.c.h; path = AppDelegate.h; sourceTree = "<group>"; };
		D220D87D1BA66C4E00BE119D /* AppDelegate.m */ = {isa = PBXFileReference; lastKnownFileType = sourcecode.c.objc; path = AppDelegate.m; sourceTree = "<group>"; };
		D220D87F1BA66C4E00BE119D /* ViewController.h */ = {isa = PBXFileReference; lastKnownFileType = sourcecode.c.h; path = ViewController.h; sourceTree = "<group>"; };
		D220D8801BA66C4E00BE119D /* ViewController.m */ = {isa = PBXFileReference; lastKnownFileType = sourcecode.c.objc; path = ViewController.m; sourceTree = "<group>"; };
		D220D8831BA66C4E00BE119D /* Base */ = {isa = PBXFileReference; lastKnownFileType = file.storyboard; name = Base; path = Base.lproj/Main.storyboard; sourceTree = "<group>"; };
		D220D8851BA66C4E00BE119D /* Images.xcassets */ = {isa = PBXFileReference; lastKnownFileType = folder.assetcatalog; path = Images.xcassets; sourceTree = "<group>"; };
		D220D8881BA66C4E00BE119D /* Base */ = {isa = PBXFileReference; lastKnownFileType = file.xib; name = Base; path = Base.lproj/LaunchScreen.xib; sourceTree = "<group>"; };
		D220D88E1BA66C4E00BE119D /* MYHMHMTestTests.xctest */ = {isa = PBXFileReference; explicitFileType = wrapper.cfbundle; includeInIndex = 0; path = MYHMHMTestTests.xctest; sourceTree = BUILT_PRODUCTS_DIR; };
		D220D8931BA66C4E00BE119D /* Info.plist */ = {isa = PBXFileReference; lastKnownFileType = text.plist.xml; path = Info.plist; sourceTree = "<group>"; };
		D220D8941BA66C4E00BE119D /* MYHMHMTestTests.m */ = {isa = PBXFileReference; lastKnownFileType = sourcecode.c.objc; path = MYHMHMTestTests.m; sourceTree = "<group>"; };
/* End PBXFileReference section */

/* Begin PBXFrameworksBuildPhase section */
		D220D8721BA66C4E00BE119D /* Frameworks */ = {
			isa = PBXFrameworksBuildPhase;
			buildActionMask = 2147483647;
			files = (
			);
			runOnlyForDeploymentPostprocessing = 0;
		};
		D220D88B1BA66C4E00BE119D /* Frameworks */ = {
			isa = PBXFrameworksBuildPhase;
			buildActionMask = 2147483647;
			files = (
			);
			runOnlyForDeploymentPostprocessing = 0;
		};
/* End PBXFrameworksBuildPhase section */

/* Begin PBXGroup section */
		D220D86C1BA66C4E00BE119D = {
			isa = PBXGroup;
			children = (
				D220D8771BA66C4E00BE119D /* MYHMHMTest */,
				D220D8911BA66C4E00BE119D /* MYHMHMTestTests */,
				D220D8761BA66C4E00BE119D /* Products */,
			);
			sourceTree = "<group>";
		};
		D220D8761BA66C4E00BE119D /* Products */ = {
			isa = PBXGroup;
			children = (
				D220D8751BA66C4E00BE119D /* MYHMHMTest.app */,
				D220D88E1BA66C4E00BE119D /* MYHMHMTestTests.xctest */,
			);
			name = Products;
			sourceTree = "<group>";
		};
		D220D8771BA66C4E00BE119D /* MYHMHMTest */ = {
			isa = PBXGroup;
			children = (
				D220D87C1BA66C4E00BE119D /* AppDelegate.h */,
				D220D87D1BA66C4E00BE119D /* AppDelegate.m */,
				D220D87F1BA66C4E00BE119D /* ViewController.h */,
				D220D8801BA66C4E00BE119D /* ViewController.m */,
				D220D8821BA66C4E00BE119D /* Main.storyboard */,
				D220D8851BA66C4E00BE119D /* Images.xcassets */,
				D220D8871BA66C4E00BE119D /* LaunchScreen.xib */,
				D220D8781BA66C4E00BE119D /* Supporting Files */,
			);
			path = MYHMHMTest;
			sourceTree = "<group>";
		};
		D220D8781BA66C4E00BE119D /* Supporting Files */ = {
			isa = PBXGroup;
			children = (
				D220D8791BA66C4E00BE119D /* Info.plist */,
				D220D87A1BA66C4E00BE119D /* main.m */,
			);
			name = "Supporting Files";
			sourceTree = "<group>";
		};
		D220D8911BA66C4E00BE119D /* MYHMHMTestTests */ = {
			isa = PBXGroup;
			children = (
				D220D8941BA66C4E00BE119D /* MYHMHMTestTests.m */,
				D220D8921BA66C4E00BE119D /* Supporting Files */,
			);
			path = MYHMHMTestTests;
			sourceTree = "<group>";
		};
		D220D8921BA66C4E00BE119D /* Supporting Files */ = {
			isa = PBXGroup;
			children = (
				D220D8931BA66C4E00BE119D /* Info.plist */,
			);
			name = "Supporting Files";
			sourceTree = "<group>";
		};
/* End PBXGroup section */

/* Begin PBXNativeTarget section */
		D220D8741BA66C4E00BE119D /* MYHMHMTest */ = {
			isa = PBXNativeTarget;
			buildConfigurationList = D220D8981BA66C4E00BE119D /* Build configuration list for PBXNativeTarget "MYHMHMTest" */;
			buildPhases = (
				D220D8711BA66C4E00BE119D /* Sources */,
				D220D8721BA66C4E00BE119D /* Frameworks */,
				D220D8731BA66C4E00BE119D /* Resources */,
			);
			buildRules = (
			);
			dependencies = (
			);
			name = MYHMHMTest;
			productName = MYHMHMTest;
			productReference = D220D8751BA66C4E00BE119D /* MYHMHMTest.app */;
			productType = "com.apple.product-type.application";
		};
		D220D88D1BA66C4E00BE119D /* MYHMHMTestTests */ = {
			isa = PBXNativeTarget;
			buildConfigurationList = D220D89B1BA66C4E00BE119D /* Build configuration list for PBXNativeTarget "MYHMHMTestTests" */;
			buildPhases = (
				D220D88A1BA66C4E00BE119D /* Sources */,
				D220D88B1BA66C4E00BE119D /* Frameworks */,
				D220D88C1BA66C4E00BE119D /* Resources */,
			);
			buildRules = (
			);
			dependencies = (
				D220D8901BA66C4E00BE119D /* PBXTargetDependency */,
			);
			name = MYHMHMTestTests;
			productName = MYHMHMTestTests;
			productReference = D220D88E1BA66C4E00BE119D /* MYHMHMTestTests.xctest */;
			productType = "com.apple.product-type.bundle.unit-test";
		};
/* End PBXNativeTarget section */

/* Begin PBXProject section */
		D220D86D1BA66C4E00BE119D /* Project object */ = {
			isa = PBXProject;
			attributes = {
				LastUpgradeCheck = 0610;
				ORGANIZATIONNAME = itcast;
				TargetAttributes = {
					D220D8741BA66C4E00BE119D = {
						CreatedOnToolsVersion = 6.1.1;
					};
					D220D88D1BA66C4E00BE119D = {
						CreatedOnToolsVersion = 6.1.1;
						TestTargetID = D220D8741BA66C4E00BE119D;
					};
				};
			};
			buildConfigurationList = D220D8701BA66C4E00BE119D /* Build configuration list for PBXProject "MYHMHMTest" */;
			compatibilityVersion = "Xcode 3.2";
			developmentRegion = English;
			hasScannedForEncodings = 0;
			knownRegions = (
				en,
				Base,
			);
			mainGroup = D220D86C1BA66C4E00BE119D;
			productRefGroup = D220D8761BA66C4E00BE119D /* Products */;
			projectDirPath = "";
			projectRoot = "";
			targets = (
				D220D8741BA66C4E00BE119D /* MYHMHMTest */,
				D220D88D1BA66C4E00BE119D /* MYHMHMTestTests */,
			);
		};
/* End PBXProject section */

/* Begin PBXResourcesBuildPhase section */
		D220D8731BA66C4E00BE119D /* Resources */ = {
			isa = PBXResourcesBuildPhase;
			buildActionMask = 2147483647;
			files = (
				D220D8841BA66C4E00BE119D /* Main.storyboard in Resources */,
				D220D8891BA66C4E00BE119D /* LaunchScreen.xib in Resources */,
				D220D8861BA66C4E00BE119D /* Images.xcassets in Resources */,
			);
			runOnlyForDeploymentPostprocessing = 0;
		};
		D220D88C1BA66C4E00BE119D /* Resources */ = {
			isa = PBXResourcesBuildPhase;
			buildActionMask = 2147483647;
			files = (
			);
			runOnlyForDeploymentPostprocessing = 0;
		};
/* End PBXResourcesBuildPhase section */

/* Begin PBXSourcesBuildPhase section */
		D220D8711BA66C4E00BE119D /* Sources */ = {
			isa = PBXSourcesBuildPhase;
			buildActionMask = 2147483647;
			files = (
				D220D8811BA66C4E00BE119D /* ViewController.m in Sources */,
				D220D87E1BA66C4E00BE119D /* AppDelegate.m in Sources */,
				D220D87B1BA66C4E00BE119D /* main.m in Sources */,
			);
			runOnlyForDeploymentPostprocessing = 0;
		};
		D220D88A1BA66C4E00BE119D /* Sources */ = {
			isa = PBXSourcesBuildPhase;
			buildActionMask = 2147483647;
			files = (
				D220D8951BA66C4E00BE119D /* MYHMHMTestTests.m in Sources */,
			);
			runOnlyForDeploymentPostprocessing = 0;
		};
/* End PBXSourcesBuildPhase section */

/* Begin PBXTargetDependency section */
		D220D8901BA66C4E00BE119D /* PBXTargetDependency */ = {
			isa = PBXTargetDependency;
			target = D220D8741BA66C4E00BE119D /* MYHMHMTest */;
			targetProxy = D220D88F1BA66C4E00BE119D /* PBXContainerItemProxy */;
		};
/* End PBXTargetDependency section */

/* Begin PBXVariantGroup section */
		D220D8821BA66C4E00BE119D /* Main.storyboard */ = {
			isa = PBXVariantGroup;
			children = (
				D220D8831BA66C4E00BE119D /* Base */,
			);
			name = Main.storyboard;
			sourceTree = "<group>";
		};
		D220D8871BA66C4E00BE119D /* LaunchScreen.xib */ = {
			isa = PBXVariantGroup;
			children = (
				D220D8881BA66C4E00BE119D /* Base */,
			);
			name = LaunchScreen.xib;
			sourceTree = "<group>";
		};
/* End PBXVariantGroup section */

/* Begin XCBuildConfiguration section */
		D220D8961BA66C4E00BE119D /* Debug */ = {
			isa = XCBuildConfiguration;
			buildSettings = {
				ALWAYS_SEARCH_USER_PATHS = NO;
				CLANG_CXX_LANGUAGE_STANDARD = "gnu++0x";
				CLANG_CXX_LIBRARY = "libc++";
				CLANG_ENABLE_MODULES = YES;
				CLANG_ENABLE_OBJC_ARC = YES;
				CLANG_WARN_BOOL_CONVERSION = YES;
				CLANG_WARN_CONSTANT_CONVERSION = YES;
				CLANG_WARN_DIRECT_OBJC_ISA_USAGE = YES_ERROR;
				CLANG_WARN_EMPTY_BODY = YES;
				CLANG_WARN_ENUM_CONVERSION = YES;
				CLANG_WARN_INT_CONVERSION = YES;
				CLANG_WARN_OBJC_ROOT_CLASS = YES_ERROR;
				CLANG_WARN_UNREACHABLE_CODE = YES;
				CLANG_WARN__DUPLICATE_METHOD_MATCH = YES;
				"CODE_SIGN_IDENTITY[sdk=iphoneos*]" = "iPhone Developer";
				COPY_PHASE_STRIP = NO;
				ENABLE_STRICT_OBJC_MSGSEND = YES;
				GCC_C_LANGUAGE_STANDARD = gnu99;
				GCC_DYNAMIC_NO_PIC = NO;
				GCC_OPTIMIZATION_LEVEL = 0;
				GCC_PREPROCESSOR_DEFINITIONS = (
					"DEBUG=1",
					"$(inherited)",
				);
				GCC_SYMBOLS_PRIVATE_EXTERN = NO;
				GCC_WARN_64_TO_32_BIT_CONVERSION = YES;
				GCC_WARN_ABOUT_RETURN_TYPE = YES_ERROR;
				GCC_WARN_UNDECLARED_SELECTOR = YES;
				GCC_WARN_UNINITIALIZED_AUTOS = YES_AGGRESSIVE;
				GCC_WARN_UNUSED_FUNCTION = YES;
				GCC_WARN_UNUSED_VARIABLE = YES;
				IPHONEOS_DEPLOYMENT_TARGET = 8.1;
				MTL_ENABLE_DEBUG_INFO = YES;
				ONLY_ACTIVE_ARCH = YES;
				SDKROOT = iphoneos;
			};
			name = Debug;
		};
		D220D8971BA66C4E00BE119D /* Release */ = {
			isa = XCBuildConfiguration;
			buildSettings = {
				ALWAYS_SEARCH_USER_PATHS = NO;
				CLANG_CXX_LANGUAGE_STANDARD = "gnu++0x";
				CLANG_CXX_LIBRARY = "libc++";
				CLANG_ENABLE_MODULES = YES;
				CLANG_ENABLE_OBJC_ARC = YES;
				CLANG_WARN_BOOL_CONVERSION = YES;
				CLANG_WARN_CONSTANT_CONVERSION = YES;
				CLANG_WARN_DIRECT_OBJC_ISA_USAGE = YES_ERROR;
				CLANG_WARN_EMPTY_BODY = YES;
				CLANG_WARN_ENUM_CONVERSION = YES;
				CLANG_WARN_INT_CONVERSION = YES;
				CLANG_WARN_OBJC_ROOT_CLASS = YES_ERROR;
				CLANG_WARN_UNREACHABLE_CODE = YES;
				CLANG_WARN__DUPLICATE_METHOD_MATCH = YES;
				"CODE_SIGN_IDENTITY[sdk=iphoneos*]" = "iPhone Developer";
				COPY_PHASE_STRIP = YES;
				ENABLE_NS_ASSERTIONS = NO;
				ENABLE_STRICT_OBJC_MSGSEND = YES;
				GCC_C_LANGUAGE_STANDARD = gnu99;
				GCC_WARN_64_TO_32_BIT_CONVERSION = YES;
				GCC_WARN_ABOUT_RETURN_TYPE = YES_ERROR;
				GCC_WARN_UNDECLARED_SELECTOR = YES;
				GCC_WARN_UNINITIALIZED_AUTOS = YES_AGGRESSIVE;
				GCC_WARN_UNUSED_FUNCTION = YES;
				GCC_WARN_UNUSED_VARIABLE = YES;
				IPHONEOS_DEPLOYMENT_TARGET = 8.1;
				MTL_ENABLE_DEBUG_INFO = NO;
				SDKROOT = iphoneos;
				VALIDATE_PRODUCT = YES;
			};
			name = Release;
		};
		D220D8991BA66C4E00BE119D /* Debug */ = {
			isa = XCBuildConfiguration;
			buildSettings = {
				ASSETCATALOG_COMPILER_APPICON_NAME = AppIcon;
				INFOPLIST_FILE = MYHMHMTest/Info.plist;
				LD_RUNPATH_SEARCH_PATHS = "$(inherited) @executable_path/Frameworks";
				PRODUCT_NAME = "$(TARGET_NAME)";
			};
			name = Debug;
		};
		D220D89A1BA66C4E00BE119D /* Release */ = {
			isa = XCBuildConfiguration;
			buildSettings = {
				ASSETCATALOG_COMPILER_APPICON_NAME = AppIcon;
				INFOPLIST_FILE = MYHMHMTest/Info.plist;
				LD_RUNPATH_SEARCH_PATHS = "$(inherited) @executable_path/Frameworks";
				PRODUCT_NAME = "$(TARGET_NAME)";
			};
			name = Release;
		};
		D220D89C1BA66C4E00BE119D /* Debug */ = {
			isa = XCBuildConfiguration;
			buildSettings = {
				BUNDLE_LOADER = "$(TEST_HOST)";
				FRAMEWORK_SEARCH_PATHS = (
					"$(SDKROOT)/Developer/Library/Frameworks",
					"$(inherited)",
				);
				GCC_PREPROCESSOR_DEFINITIONS = (
					"DEBUG=1",
					"$(inherited)",
				);
				INFOPLIST_FILE = MYHMHMTestTests/Info.plist;
				LD_RUNPATH_SEARCH_PATHS = "$(inherited) @executable_path/Frameworks @loader_path/Frameworks";
				PRODUCT_NAME = "$(TARGET_NAME)";
				TEST_HOST = "$(BUILT_PRODUCTS_DIR)/MYHMHMTest.app/MYHMHMTest";
			};
			name = Debug;
		};
		D220D89D1BA66C4E00BE119D /* Release */ = {
			isa = XCBuildConfiguration;
			buildSettings = {
				BUNDLE_LOADER = "$(TEST_HOST)";
				FRAMEWORK_SEARCH_PATHS = (
					"$(SDKROOT)/Developer/Library/Frameworks",
					"$(inherited)",
				);
				INFOPLIST_FILE = MYHMHMTestTests/Info.plist;
				LD_RUNPATH_SEARCH_PATHS = "$(inherited) @executable_path/Frameworks @loader_path/Frameworks";
				PRODUCT_NAME = "$(TARGET_NAME)";
				TEST_HOST = "$(BUILT_PRODUCTS_DIR)/MYHMHMTest.app/MYHMHMTest";
			};
			name = Release;
		};
/* End XCBuildConfiguration section */

/* Begin XCConfigurationList section */
		D220D8701BA66C4E00BE119D /* Build configuration list for PBXProject "MYHMHMTest" */ = {
			isa = XCConfigurationList;
			buildConfigurations = (
				D220D8961BA66C4E00BE119D /* Debug */,
				D220D8971BA66C4E00BE119D /* Release */,
			);
			defaultConfigurationIsVisible = 0;
			defaultConfigurationName = Release;
		};
		D220D8981BA66C4E00BE119D /* Build configuration list for PBXNativeTarget "MYHMHMTest" */ = {
			isa = XCConfigurationList;
			buildConfigurations = (
				D220D8991BA66C4E00BE119D /* Debug */,
				D220D89A1BA66C4E00BE119D /* Release */,
			);
			defaultConfigurationIsVisible = 0;
		};
		D220D89B1BA66C4E00BE119D /* Build configuration list for PBXNativeTarget "MYHMHMTestTests" */ = {
			isa = XCConfigurationList;
			buildConfigurations = (
				D220D89C1BA66C4E00BE119D /* Debug */,
				D220D89D1BA66C4E00BE119D /* Release */,
			);
			defaultConfigurationIsVisible = 0;
		};
/* End XCConfigurationList section */
	};
	rootObject = D220D86D1BA66C4E00BE119D /* Project object */;
}
